
Microsoft Visual Studio Solution File, Format Version 12.00
# Visual Studio Version 16
VisualStudioVersion = 16.0.31410.357
MinimumVisualStudioVersion = 10.0.40219.1
Project("{FAE04EC0-301F-11D3-BF4B-00C04F79EFBC}") = "Varyl", "Varyl\Varyl.csproj", "{95F36C07-8CD5-4573-845F-DDF6358B2987}"
EndProject
Project("{FAE04EC0-301F-11D3-BF4B-00C04F79EFBC}") = "FastNoise", "FastNoise\FastNoise.csproj", "{A8CF96AD-D105-4B4B-866B-9AA014624F9E}"
EndProject
Project("{FAE04EC0-301F-11D3-BF4B-00C04F79EFBC}") = "VarylExtensions", "VarylExtensions\VarylExtensions.csproj", "{A0AB765E-31C7-4B1F-9EAC-1996D332FAF7}"
EndProject
Global
	GlobalSection(SolutionConfigurationPlatforms) = preSolution
		Debug|Any CPU = Debug|Any CPU
		Release|Any CPU = Release|Any CPU
	EndGlobalSection
	GlobalSection(ProjectConfigurationPlatforms) = postSolution
		{95F36C07-8CD5-4573-845F-DDF6358B2987}.Debug|Any CPU.ActiveCfg = Debug|Any CPU
		{95F36C07-8CD5-4573-845F-DDF6358B2987}.Debug|Any CPU.Build.0 = Debug|Any CPU
		{95F36C07-8CD5-4573-845F-DDF6358B2987}.Release|Any CPU.ActiveCfg = Release|Any CPU
		{95F36C07-8CD5-4573-845F-DDF6358B2987}.Release|Any CPU.Build.0 = Release|Any CPU
		{A8CF96AD-D105-4B4B-866B-9AA014624F9E}.Debug|Any CPU.ActiveCfg = Debug|Any CPU
		{A8CF96AD-D105-4B4B-866B-9AA014624F9E}.Debug|Any CPU.Build.0 = Debug|Any CPU
		{A8CF96AD-D105-4B4B-866B-9AA014624F9E}.Release|Any CPU.ActiveCfg = Release|Any CPU
		{A8CF96AD-D105-4B4B-866B-9AA014624F9E}.Release|Any CPU.Build.0 = Release|Any CPU
		{A0AB765E-31C7-4B1F-9EAC-1996D332FAF7}.Debug|Any CPU.ActiveCfg = Debug|Any CPU
		{A0AB765E-31C7-4B1F-9EAC-1996D332FAF7}.Debug|Any CPU.Build.0 = Debug|Any CPU
		{A0AB765E-31C7-4B1F-9EAC-1996D332FAF7}.Release|Any CPU.ActiveCfg = Release|Any CPU
		{A0AB765E-31C7-4B1F-9EAC-1996D332FAF7}.Release|Any CPU.Build.0 = Release|Any CPU
	EndGlobalSection
	GlobalSection(SolutionProperties) = preSolution
		HideSolutionNode = FALSE
	EndGlobalSection
	GlobalSection(ExtensibilityGlobals) = postSolution
		SolutionGuid = {E0245951-9DF4-43DB-A564-C791D2E44E65}
	EndGlobalSection
EndGlobal
